
Microsoft Visual Studio Solution File, Format Version 12.00
# Visual Studio Version 17
VisualStudioVersion = 17.7.34202.233
MinimumVisualStudioVersion = 10.0.40219.1
Project("{FAE04EC0-301F-11D3-BF4B-00C04F79EFBC}") = "GroupAssignment", "GroupAssignment.csproj", "{823CC18A-62B1-4677-B77C-6673A11F92F5}"
EndProject
Global
	GlobalSection(SolutionConfigurationPlatforms) = preSolution
		Debug|Any CPU = Debug|Any CPU
		Release|Any CPU = Release|Any CPU
	EndGlobalSection
	GlobalSection(ProjectConfigurationPlatforms) = postSolution
		{823CC18A-62B1-4677-B77C-6673A11F92F5}.Debug|Any CPU.ActiveCfg = Debug|Any CPU
		{823CC18A-62B1-4677-B77C-6673A11F92F5}.Debug|Any CPU.Build.0 = Debug|Any CPU
		{823CC18A-62B1-4677-B77C-6673A11F92F5}.Release|Any CPU.ActiveCfg = Release|Any CPU
		{823CC18A-62B1-4677-B77C-6673A11F92F5}.Release|Any CPU.Build.0 = Release|Any CPU
	EndGlobalSection
	GlobalSection(SolutionProperties) = preSolution
		HideSolutionNode = FALSE
	EndGlobalSection
	GlobalSection(ExtensibilityGlobals) = postSolution
		SolutionGuid = {0E386DF8-23B2-4839-A691-07144F1959D7}
	EndGlobalSection
EndGlobal
